
Microsoft Visual Studio Solution File, Format Version 12.00
# Visual Studio 15
VisualStudioVersion = 15.0.27428.2037
MinimumVisualStudioVersion = 10.0.40219.1
Project("{FAE04EC0-301F-11D3-BF4B-00C04F79EFBC}") = "Diploma", "Diploma\Diploma.csproj", "{22954115-4415-43F1-8CDB-6423B273435B}"
EndProject
Global
	GlobalSection(SolutionConfigurationPlatforms) = preSolution
		Debug|Any CPU = Debug|Any CPU
		Release|Any CPU = Release|Any CPU
	EndGlobalSection
	GlobalSection(ProjectConfigurationPlatforms) = postSolution
		{22954115-4415-43F1-8CDB-6423B273435B}.Debug|Any CPU.ActiveCfg = Debug|Any CPU
		{22954115-4415-43F1-8CDB-6423B273435B}.Debug|Any CPU.Build.0 = Debug|Any CPU
		{22954115-4415-43F1-8CDB-6423B273435B}.Release|Any CPU.ActiveCfg = Release|Any CPU
		{22954115-4415-43F1-8CDB-6423B273435B}.Release|Any CPU.Build.0 = Release|Any CPU
	EndGlobalSection
	GlobalSection(SolutionProperties) = preSolution
		HideSolutionNode = FALSE
	EndGlobalSection
	GlobalSection(ExtensibilityGlobals) = postSolution
		SolutionGuid = {4429A205-D2A2-422C-A013-E6EC3C8BFE85}
	EndGlobalSection
EndGlobal
